// !$*UTF8*$!
{
	archiveVersion = 1;
	classes = {
	};
	objectVersion = 46;
	objects = {

/* Begin PBXBuildFile section */
		33B2C27218CE93DB0006AC87 /* Cocoa.framework in Frameworks */ = {isa = PBXBuildFile; fileRef = 33B2C27118CE93DB0006AC87 /* Cocoa.framework */; };
		33B2C27318CE93DB0006AC87 /* SpriteKit.framework in Frameworks */ = {isa = PBXBuildFile; fileRef = A8D41A1018ABE56700CC03DF /* SpriteKit.framework */; };
		33B2C27D18CE93DB0006AC87 /* InfoPlist.strings in Resources */ = {isa = PBXBuildFile; fileRef = 33B2C27B18CE93DB0006AC87 /* InfoPlist.strings */; };
		33B2C28318CE93DB0006AC87 /* Credits.rtf in Resources */ = {isa = PBXBuildFile; fileRef = 33B2C28118CE93DB0006AC87 /* Credits.rtf */; };
		33B2C28518CE93DB0006AC87 /* MainMenu.xib in Resources */ = {isa = PBXBuildFile; fileRef = 33B2C28418CE93DB0006AC87 /* MainMenu.xib */; };
		33B2C28A18CE93DB0006AC87 /* AppDelegate.m in Sources */ = {isa = PBXBuildFile; fileRef = 33B2C28918CE93DB0006AC87 /* AppDelegate.m */; };
		33B2C2A718CE94CD0006AC87 /* TestScene.m in Sources */ = {isa = PBXBuildFile; fileRef = A8D41A1318ABE59D00CC03DF /* TestScene.m */; };
		33B2C2A818CE94D10006AC87 /* DSMultilineLabelNode.m in Sources */ = {isa = PBXBuildFile; fileRef = A8D41A1618ABE66E00CC03DF /* DSMultilineLabelNode.m */; };
		33B2C2AA18CE98A50006AC87 /* main.m in Sources */ = {isa = PBXBuildFile; fileRef = 33B2C2A918CE98A50006AC87 /* main.m */; };
		A8D419DC18ABE4ED00CC03DF /* Foundation.framework in Frameworks */ = {isa = PBXBuildFile; fileRef = A8D419DB18ABE4ED00CC03DF /* Foundation.framework */; };
		A8D419DE18ABE4ED00CC03DF /* CoreGraphics.framework in Frameworks */ = {isa = PBXBuildFile; fileRef = A8D419DD18ABE4ED00CC03DF /* CoreGraphics.framework */; };
		A8D419E018ABE4ED00CC03DF /* UIKit.framework in Frameworks */ = {isa = PBXBuildFile; fileRef = A8D419DF18ABE4ED00CC03DF /* UIKit.framework */; };
		A8D419E618ABE4ED00CC03DF /* InfoPlist.strings in Resources */ = {isa = PBXBuildFile; fileRef = A8D419E418ABE4ED00CC03DF /* InfoPlist.strings */; };
		A8D419E818ABE4ED00CC03DF /* main.m in Sources */ = {isa = PBXBuildFile; fileRef = A8D419E718ABE4ED00CC03DF /* main.m */; };
		A8D419EC18ABE4ED00CC03DF /* AppDelegate.m in Sources */ = {isa = PBXBuildFile; fileRef = A8D419EB18ABE4ED00CC03DF /* AppDelegate.m */; };
		A8D419EF18ABE4ED00CC03DF /* Main.storyboard in Resources */ = {isa = PBXBuildFile; fileRef = A8D419ED18ABE4ED00CC03DF /* Main.storyboard */; };
		A8D419F218ABE4ED00CC03DF /* ViewController.m in Sources */ = {isa = PBXBuildFile; fileRef = A8D419F118ABE4ED00CC03DF /* ViewController.m */; };
		A8D419F418ABE4ED00CC03DF /* Images.xcassets in Resources */ = {isa = PBXBuildFile; fileRef = A8D419F318ABE4ED00CC03DF /* Images.xcassets */; };
		A8D41A1118ABE56700CC03DF /* SpriteKit.framework in Frameworks */ = {isa = PBXBuildFile; fileRef = A8D41A1018ABE56700CC03DF /* SpriteKit.framework */; };
		A8D41A1418ABE59D00CC03DF /* TestScene.m in Sources */ = {isa = PBXBuildFile; fileRef = A8D41A1318ABE59D00CC03DF /* TestScene.m */; };
		A8D41A1718ABE66E00CC03DF /* DSMultilineLabelNode.m in Sources */ = {isa = PBXBuildFile; fileRef = A8D41A1618ABE66E00CC03DF /* DSMultilineLabelNode.m */; };
/* End PBXBuildFile section */

/* Begin PBXFileReference section */
		33B2C27018CE93DB0006AC87 /* MultiLineLabelNodeMac.app */ = {isa = PBXFileReference; explicitFileType = wrapper.application; includeInIndex = 0; path = MultiLineLabelNodeMac.app; sourceTree = BUILT_PRODUCTS_DIR; };
		33B2C27118CE93DB0006AC87 /* Cocoa.framework */ = {isa = PBXFileReference; lastKnownFileType = wrapper.framework; name = Cocoa.framework; path = Library/Frameworks/Cocoa.framework; sourceTree = DEVELOPER_DIR; };
		33B2C27518CE93DB0006AC87 /* AppKit.framework */ = {isa = PBXFileReference; lastKnownFileType = wrapper.framework; name = AppKit.framework; path = Library/Frameworks/AppKit.framework; sourceTree = SDKROOT; };
		33B2C27618CE93DB0006AC87 /* CoreData.framework */ = {isa = PBXFileReference; lastKnownFileType = wrapper.framework; name = CoreData.framework; path = Library/Frameworks/CoreData.framework; sourceTree = SDKROOT; };
		33B2C27718CE93DB0006AC87 /* Foundation.framework */ = {isa = PBXFileReference; lastKnownFileType = wrapper.framework; name = Foundation.framework; path = Library/Frameworks/Foundation.framework; sourceTree = SDKROOT; };
		33B2C27A18CE93DB0006AC87 /* MultiLineLabelNodeMac-Info.plist */ = {isa = PBXFileReference; lastKnownFileType = text.plist.xml; name = "MultiLineLabelNodeMac-Info.plist"; path = "MultiLineLabelNodeMac/MultiLineLabelNodeMac-Info.plist"; sourceTree = SOURCE_ROOT; };
		33B2C27C18CE93DB0006AC87 /* en */ = {isa = PBXFileReference; lastKnownFileType = text.plist.strings; name = en; path = en.lproj/InfoPlist.strings; sourceTree = "<group>"; };
		33B2C28018CE93DB0006AC87 /* MultiLineLabelNodeMac-Prefix.pch */ = {isa = PBXFileReference; lastKnownFileType = sourcecode.c.h; name = "MultiLineLabelNodeMac-Prefix.pch"; path = "MultiLineLabelNodeMac/MultiLineLabelNodeMac-Prefix.pch"; sourceTree = SOURCE_ROOT; };
		33B2C28218CE93DB0006AC87 /* en */ = {isa = PBXFileReference; lastKnownFileType = text.rtf; name = en; path = en.lproj/Credits.rtf; sourceTree = "<group>"; };
		33B2C28418CE93DB0006AC87 /* MainMenu.xib */ = {isa = PBXFileReference; lastKnownFileType = file.xib; path = MainMenu.xib; sourceTree = "<group>"; };
		33B2C28918CE93DB0006AC87 /* AppDelegate.m */ = {isa = PBXFileReference; lastKnownFileType = sourcecode.c.objc; path = AppDelegate.m; sourceTree = "<group>"; };
		33B2C28B18CE93DB0006AC87 /* AppDelegate.h */ = {isa = PBXFileReference; lastKnownFileType = sourcecode.c.h; path = AppDelegate.h; sourceTree = "<group>"; };
		33B2C2A918CE98A50006AC87 /* main.m */ = {isa = PBXFileReference; fileEncoding = 4; lastKnownFileType = sourcecode.c.objc; name = main.m; path = MultiLineLabelNodeMac/main.m; sourceTree = SOURCE_ROOT; };
		A8D419D818ABE4ED00CC03DF /* DSMultilineLabelNode.app */ = {isa = PBXFileReference; explicitFileType = wrapper.application; includeInIndex = 0; path = DSMultilineLabelNode.app; sourceTree = BUILT_PRODUCTS_DIR; };
		A8D419DB18ABE4ED00CC03DF /* Foundation.framework */ = {isa = PBXFileReference; lastKnownFileType = wrapper.framework; name = Foundation.framework; path = System/Library/Frameworks/Foundation.framework; sourceTree = SDKROOT; };
		A8D419DD18ABE4ED00CC03DF /* CoreGraphics.framework */ = {isa = PBXFileReference; lastKnownFileType = wrapper.framework; name = CoreGraphics.framework; path = System/Library/Frameworks/CoreGraphics.framework; sourceTree = SDKROOT; };
		A8D419DF18ABE4ED00CC03DF /* UIKit.framework */ = {isa = PBXFileReference; lastKnownFileType = wrapper.framework; name = UIKit.framework; path = System/Library/Frameworks/UIKit.framework; sourceTree = SDKROOT; };
		A8D419E318ABE4ED00CC03DF /* DSMultilineLabelNode-Info.plist */ = {isa = PBXFileReference; lastKnownFileType = text.plist.xml; path = "DSMultilineLabelNode-Info.plist"; sourceTree = "<group>"; };
		A8D419E518ABE4ED00CC03DF /* en */ = {isa = PBXFileReference; lastKnownFileType = text.plist.strings; name = en; path = en.lproj/InfoPlist.strings; sourceTree = "<group>"; };
		A8D419E718ABE4ED00CC03DF /* main.m */ = {isa = PBXFileReference; lastKnownFileType = sourcecode.c.objc; path = main.m; sourceTree = "<group>"; };
		A8D419E918ABE4ED00CC03DF /* DSMultilineLabelNode-Prefix.pch */ = {isa = PBXFileReference; lastKnownFileType = sourcecode.c.h; path = "DSMultilineLabelNode-Prefix.pch"; sourceTree = "<group>"; };
		A8D419EA18ABE4ED00CC03DF /* AppDelegate.h */ = {isa = PBXFileReference; lastKnownFileType = sourcecode.c.h; path = AppDelegate.h; sourceTree = "<group>"; };
		A8D419EB18ABE4ED00CC03DF /* AppDelegate.m */ = {isa = PBXFileReference; lastKnownFileType = sourcecode.c.objc; path = AppDelegate.m; sourceTree = "<group>"; };
		A8D419EE18ABE4ED00CC03DF /* Base */ = {isa = PBXFileReference; lastKnownFileType = file.storyboard; name = Base; path = Base.lproj/Main.storyboard; sourceTree = "<group>"; };
		A8D419F018ABE4ED00CC03DF /* ViewController.h */ = {isa = PBXFileReference; lastKnownFileType = sourcecode.c.h; path = ViewController.h; sourceTree = "<group>"; };
		A8D419F118ABE4ED00CC03DF /* ViewController.m */ = {isa = PBXFileReference; lastKnownFileType = sourcecode.c.objc; path = ViewController.m; sourceTree = "<group>"; };
		A8D419F318ABE4ED00CC03DF /* Images.xcassets */ = {isa = PBXFileReference; lastKnownFileType = folder.assetcatalog; path = Images.xcassets; sourceTree = "<group>"; };
		A8D419FA18ABE4ED00CC03DF /* XCTest.framework */ = {isa = PBXFileReference; lastKnownFileType = wrapper.framework; name = XCTest.framework; path = Library/Frameworks/XCTest.framework; sourceTree = DEVELOPER_DIR; };
		A8D41A1018ABE56700CC03DF /* SpriteKit.framework */ = {isa = PBXFileReference; lastKnownFileType = wrapper.framework; name = SpriteKit.framework; path = System/Library/Frameworks/SpriteKit.framework; sourceTree = SDKROOT; };
		A8D41A1218ABE59D00CC03DF /* TestScene.h */ = {isa = PBXFileReference; fileEncoding = 4; lastKnownFileType = sourcecode.c.h; path = TestScene.h; sourceTree = "<group>"; };
		A8D41A1318ABE59D00CC03DF /* TestScene.m */ = {isa = PBXFileReference; fileEncoding = 4; lastKnownFileType = sourcecode.c.objc; lineEnding = 0; path = TestScene.m; sourceTree = "<group>"; xcLanguageSpecificationIdentifier = xcode.lang.objc; };
		A8D41A1518ABE66E00CC03DF /* DSMultilineLabelNode.h */ = {isa = PBXFileReference; fileEncoding = 4; lastKnownFileType = sourcecode.c.h; lineEnding = 0; name = DSMultilineLabelNode.h; path = ../../DSMultilineLabelNode.h; sourceTree = "<group>"; xcLanguageSpecificationIdentifier = xcode.lang.objcpp; };
		A8D41A1618ABE66E00CC03DF /* DSMultilineLabelNode.m */ = {isa = PBXFileReference; fileEncoding = 4; lastKnownFileType = sourcecode.c.objc; lineEnding = 0; name = DSMultilineLabelNode.m; path = ../../DSMultilineLabelNode.m; sourceTree = "<group>"; xcLanguageSpecificationIdentifier = xcode.lang.objc; };
/* End PBXFileReference section */

/* Begin PBXFrameworksBuildPhase section */
		33B2C26D18CE93DB0006AC87 /* Frameworks */ = {
			isa = PBXFrameworksBuildPhase;
			buildActionMask = 2147483647;
			files = (
				33B2C27318CE93DB0006AC87 /* SpriteKit.framework in Frameworks */,
				33B2C27218CE93DB0006AC87 /* Cocoa.framework in Frameworks */,
			);
			runOnlyForDeploymentPostprocessing = 0;
		};
		A8D419D518ABE4ED00CC03DF /* Frameworks */ = {
			isa = PBXFrameworksBuildPhase;
			buildActionMask = 2147483647;
			files = (
				A8D41A1118ABE56700CC03DF /* SpriteKit.framework in Frameworks */,
				A8D419DE18ABE4ED00CC03DF /* CoreGraphics.framework in Frameworks */,
				A8D419E018ABE4ED00CC03DF /* UIKit.framework in Frameworks */,
				A8D419DC18ABE4ED00CC03DF /* Foundation.framework in Frameworks */,
			);
			runOnlyForDeploymentPostprocessing = 0;
		};
/* End PBXFrameworksBuildPhase section */

/* Begin PBXGroup section */
		33B2C26B18CE93740006AC87 /* iOS */ = {
			isa = PBXGroup;
			children = (
				A8D419EA18ABE4ED00CC03DF /* AppDelegate.h */,
				A8D419EB18ABE4ED00CC03DF /* AppDelegate.m */,
				A8D419ED18ABE4ED00CC03DF /* Main.storyboard */,
				A8D419F018ABE4ED00CC03DF /* ViewController.h */,
				A8D419F118ABE4ED00CC03DF /* ViewController.m */,
				A8D419E218ABE4ED00CC03DF /* Supporting Files */,
			);
			name = iOS;
			path = DSMultilineLabelNode;
			sourceTree = "<group>";
		};
		33B2C27418CE93DB0006AC87 /* Other Frameworks */ = {
			isa = PBXGroup;
			children = (
				33B2C27518CE93DB0006AC87 /* AppKit.framework */,
				33B2C27618CE93DB0006AC87 /* CoreData.framework */,
				33B2C27718CE93DB0006AC87 /* Foundation.framework */,
			);
			name = "Other Frameworks";
			sourceTree = "<group>";
		};
		33B2C27818CE93DB0006AC87 /* MultiLineLabelNodeMac */ = {
			isa = PBXGroup;
			children = (
				33B2C28418CE93DB0006AC87 /* MainMenu.xib */,
				33B2C28918CE93DB0006AC87 /* AppDelegate.m */,
				33B2C28B18CE93DB0006AC87 /* AppDelegate.h */,
				33B2C27918CE93DB0006AC87 /* Supporting Files */,
			);
			path = MultiLineLabelNodeMac;
			sourceTree = "<group>";
		};
		33B2C27918CE93DB0006AC87 /* Supporting Files */ = {
			isa = PBXGroup;
			children = (
				33B2C2A918CE98A50006AC87 /* main.m */,
				33B2C27A18CE93DB0006AC87 /* MultiLineLabelNodeMac-Info.plist */,
				33B2C27B18CE93DB0006AC87 /* InfoPlist.strings */,
				33B2C28018CE93DB0006AC87 /* MultiLineLabelNodeMac-Prefix.pch */,
				33B2C28118CE93DB0006AC87 /* Credits.rtf */,
			);
			name = "Supporting Files";
			sourceTree = "<group>";
		};
		A8D419CF18ABE4ED00CC03DF = {
			isa = PBXGroup;
			children = (
				A8D419E118ABE4ED00CC03DF /* DSMultilineLabelNode */,
				33B2C26B18CE93740006AC87 /* iOS */,
				33B2C27818CE93DB0006AC87 /* MultiLineLabelNodeMac */,
				A8D419DA18ABE4ED00CC03DF /* Frameworks */,
				A8D419D918ABE4ED00CC03DF /* Products */,
			);
			sourceTree = "<group>";
		};
		A8D419D918ABE4ED00CC03DF /* Products */ = {
			isa = PBXGroup;
			children = (
				A8D419D818ABE4ED00CC03DF /* DSMultilineLabelNode.app */,
				33B2C27018CE93DB0006AC87 /* MultiLineLabelNodeMac.app */,
			);
			name = Products;
			sourceTree = "<group>";
		};
		A8D419DA18ABE4ED00CC03DF /* Frameworks */ = {
			isa = PBXGroup;
			children = (
				A8D41A1018ABE56700CC03DF /* SpriteKit.framework */,
				A8D419DB18ABE4ED00CC03DF /* Foundation.framework */,
				A8D419DD18ABE4ED00CC03DF /* CoreGraphics.framework */,
				A8D419DF18ABE4ED00CC03DF /* UIKit.framework */,
				A8D419FA18ABE4ED00CC03DF /* XCTest.framework */,
				33B2C27118CE93DB0006AC87 /* Cocoa.framework */,
				33B2C27418CE93DB0006AC87 /* Other Frameworks */,
			);
			name = Frameworks;
			sourceTree = "<group>";
		};
		A8D419E118ABE4ED00CC03DF /* DSMultilineLabelNode */ = {
			isa = PBXGroup;
			children = (
				A8D41A1518ABE66E00CC03DF /* DSMultilineLabelNode.h */,
				A8D41A1618ABE66E00CC03DF /* DSMultilineLabelNode.m */,
				A8D41A1218ABE59D00CC03DF /* TestScene.h */,
				A8D41A1318ABE59D00CC03DF /* TestScene.m */,
				A8D419F318ABE4ED00CC03DF /* Images.xcassets */,
			);
			path = DSMultilineLabelNode;
			sourceTree = "<group>";
		};
		A8D419E218ABE4ED00CC03DF /* Supporting Files */ = {
			isa = PBXGroup;
			children = (
				A8D419E318ABE4ED00CC03DF /* DSMultilineLabelNode-Info.plist */,
				A8D419E418ABE4ED00CC03DF /* InfoPlist.strings */,
				A8D419E718ABE4ED00CC03DF /* main.m */,
				A8D419E918ABE4ED00CC03DF /* DSMultilineLabelNode-Prefix.pch */,
			);
			name = "Supporting Files";
			sourceTree = "<group>";
		};
/* End PBXGroup section */

/* Begin PBXNativeTarget section */
		33B2C26F18CE93DB0006AC87 /* MultiLineLabelNodeMac */ = {
			isa = PBXNativeTarget;
			buildConfigurationList = 33B2C2A118CE93DB0006AC87 /* Build configuration list for PBXNativeTarget "MultiLineLabelNodeMac" */;
			buildPhases = (
				33B2C26C18CE93DB0006AC87 /* Sources */,
				33B2C26D18CE93DB0006AC87 /* Frameworks */,
				33B2C26E18CE93DB0006AC87 /* Resources */,
			);
			buildRules = (
			);
			dependencies = (
			);
			name = MultiLineLabelNodeMac;
			productName = MultiLineLabelNodeMac;
			productReference = 33B2C27018CE93DB0006AC87 /* MultiLineLabelNodeMac.app */;
			productType = "com.apple.product-type.application";
		};
		A8D419D718ABE4ED00CC03DF /* DSMultilineLabelNode */ = {
			isa = PBXNativeTarget;
			buildConfigurationList = A8D41A0A18ABE4EE00CC03DF /* Build configuration list for PBXNativeTarget "DSMultilineLabelNode" */;
			buildPhases = (
				A8D419D418ABE4ED00CC03DF /* Sources */,
				A8D419D518ABE4ED00CC03DF /* Frameworks */,
				A8D419D618ABE4ED00CC03DF /* Resources */,
			);
			buildRules = (
			);
			dependencies = (
			);
			name = DSMultilineLabelNode;
			productName = DSMultilineLabelNode;
			productReference = A8D419D818ABE4ED00CC03DF /* DSMultilineLabelNode.app */;
			productType = "com.apple.product-type.application";
		};
/* End PBXNativeTarget section */

/* Begin PBXProject section */
		A8D419D018ABE4ED00CC03DF /* Project object */ = {
			isa = PBXProject;
			attributes = {
				LastUpgradeCheck = 0500;
				ORGANIZATIONNAME = "Downright Simple";
			};
			buildConfigurationList = A8D419D318ABE4ED00CC03DF /* Build configuration list for PBXProject "DSMultilineLabelNode" */;
			compatibilityVersion = "Xcode 3.2";
			developmentRegion = English;
			hasScannedForEncodings = 0;
			knownRegions = (
				en,
				Base,
			);
			mainGroup = A8D419CF18ABE4ED00CC03DF;
			productRefGroup = A8D419D918ABE4ED00CC03DF /* Products */;
			projectDirPath = "";
			projectRoot = "";
			targets = (
				A8D419D718ABE4ED00CC03DF /* DSMultilineLabelNode */,
				33B2C26F18CE93DB0006AC87 /* MultiLineLabelNodeMac */,
			);
		};
/* End PBXProject section */

/* Begin PBXResourcesBuildPhase section */
		33B2C26E18CE93DB0006AC87 /* Resources */ = {
			isa = PBXResourcesBuildPhase;
			buildActionMask = 2147483647;
			files = (
				33B2C27D18CE93DB0006AC87 /* InfoPlist.strings in Resources */,
				33B2C28318CE93DB0006AC87 /* Credits.rtf in Resources */,
				33B2C28518CE93DB0006AC87 /* MainMenu.xib in Resources */,
			);
			runOnlyForDeploymentPostprocessing = 0;
		};
		A8D419D618ABE4ED00CC03DF /* Resources */ = {
			isa = PBXResourcesBuildPhase;
			buildActionMask = 2147483647;
			files = (
				A8D419F418ABE4ED00CC03DF /* Images.xcassets in Resources */,
				A8D419E618ABE4ED00CC03DF /* InfoPlist.strings in Resources */,
				A8D419EF18ABE4ED00CC03DF /* Main.storyboard in Resources */,
			);
			runOnlyForDeploymentPostprocessing = 0;
		};
/* End PBXResourcesBuildPhase section */

/* Begin PBXSourcesBuildPhase section */
		33B2C26C18CE93DB0006AC87 /* Sources */ = {
			isa = PBXSourcesBuildPhase;
			buildActionMask = 2147483647;
			files = (
				33B2C2A818CE94D10006AC87 /* DSMultilineLabelNode.m in Sources */,
				33B2C28A18CE93DB0006AC87 /* AppDelegate.m in Sources */,
				33B2C2AA18CE98A50006AC87 /* main.m in Sources */,
				33B2C2A718CE94CD0006AC87 /* TestScene.m in Sources */,
			);
			runOnlyForDeploymentPostprocessing = 0;
		};
		A8D419D418ABE4ED00CC03DF /* Sources */ = {
			isa = PBXSourcesBuildPhase;
			buildActionMask = 2147483647;
			files = (
				A8D41A1418ABE59D00CC03DF /* TestScene.m in Sources */,
				A8D41A1718ABE66E00CC03DF /* DSMultilineLabelNode.m in Sources */,
				A8D419F218ABE4ED00CC03DF /* ViewController.m in Sources */,
				A8D419EC18ABE4ED00CC03DF /* AppDelegate.m in Sources */,
				A8D419E818ABE4ED00CC03DF /* main.m in Sources */,
			);
			runOnlyForDeploymentPostprocessing = 0;
		};
/* End PBXSourcesBuildPhase section */

/* Begin PBXVariantGroup section */
		33B2C27B18CE93DB0006AC87 /* InfoPlist.strings */ = {
			isa = PBXVariantGroup;
			children = (
				33B2C27C18CE93DB0006AC87 /* en */,
			);
			name = InfoPlist.strings;
			path = MultiLineLabelNodeMac;
			sourceTree = SOURCE_ROOT;
		};
		33B2C28118CE93DB0006AC87 /* Credits.rtf */ = {
			isa = PBXVariantGroup;
			children = (
				33B2C28218CE93DB0006AC87 /* en */,
			);
			name = Credits.rtf;
			path = MultiLineLabelNodeMac;
			sourceTree = SOURCE_ROOT;
		};
		A8D419E418ABE4ED00CC03DF /* InfoPlist.strings */ = {
			isa = PBXVariantGroup;
			children = (
				A8D419E518ABE4ED00CC03DF /* en */,
			);
			name = InfoPlist.strings;
			sourceTree = "<group>";
		};
		A8D419ED18ABE4ED00CC03DF /* Main.storyboard */ = {
			isa = PBXVariantGroup;
			children = (
				A8D419EE18ABE4ED00CC03DF /* Base */,
			);
			name = Main.storyboard;
			sourceTree = "<group>";
		};
/* End PBXVariantGroup section */

/* Begin XCBuildConfiguration section */
		33B2C2A218CE93DB0006AC87 /* Debug */ = {
			isa = XCBuildConfiguration;
			buildSettings = {
				ASSETCATALOG_COMPILER_APPICON_NAME = AppIcon;
				COMBINE_HIDPI_IMAGES = YES;
				FRAMEWORK_SEARCH_PATHS = (
					"$(inherited)",
					"$(DEVELOPER_FRAMEWORKS_DIR)",
				);
				GCC_ENABLE_OBJC_EXCEPTIONS = YES;
				GCC_PRECOMPILE_PREFIX_HEADER = YES;
				GCC_PREFIX_HEADER = "MultiLineLabelNodeMac/MultiLineLabelNodeMac-Prefix.pch";
				GCC_PREPROCESSOR_DEFINITIONS = (
					"DEBUG=1",
					"$(inherited)",
				);
				INFOPLIST_FILE = "MultiLineLabelNodeMac/MultiLineLabelNodeMac-Info.plist";
				MACOSX_DEPLOYMENT_TARGET = 10.9;
				PRODUCT_NAME = "$(TARGET_NAME)";
				SDKROOT = macosx;
				SPRITEKIT_TEXTURE_ATLAS_OUTPUT = YES;
				WRAPPER_EXTENSION = app;
			};
			name = Debug;
		};
		33B2C2A318CE93DB0006AC87 /* Release */ = {
			isa = XCBuildConfiguration;
			buildSettings = {
				ASSETCATALOG_COMPILER_APPICON_NAME = AppIcon;
				COMBINE_HIDPI_IMAGES = YES;
				DEBUG_INFORMATION_FORMAT = "dwarf-with-dsym";
				FRAMEWORK_SEARCH_PATHS = (
					"$(inherited)",
					"$(DEVELOPER_FRAMEWORKS_DIR)",
				);
				GCC_ENABLE_OBJC_EXCEPTIONS = YES;
				GCC_PRECOMPILE_PREFIX_HEADER = YES;
				GCC_PREFIX_HEADER = "MultiLineLabelNodeMac/MultiLineLabelNodeMac-Prefix.pch";
				INFOPLIST_FILE = "MultiLineLabelNodeMac/MultiLineLabelNodeMac-Info.plist";
				MACOSX_DEPLOYMENT_TARGET = 10.9;
				PRODUCT_NAME = "$(TARGET_NAME)";
				SDKROOT = macosx;
				SPRITEKIT_TEXTURE_ATLAS_OUTPUT = YES;
				WRAPPER_EXTENSION = app;
			};
			name = Release;
		};
		A8D41A0818ABE4EE00CC03DF /* Debug */ = {
			isa = XCBuildConfiguration;
			buildSettings = {
				ALWAYS_SEARCH_USER_PATHS = NO;
				ARCHS = "$(ARCHS_STANDARD_INCLUDING_64_BIT)";
				CLANG_CXX_LANGUAGE_STANDARD = "gnu++0x";
				CLANG_CXX_LIBRARY = "libc++";
				CLANG_ENABLE_MODULES = YES;
				CLANG_ENABLE_OBJC_ARC = YES;
				CLANG_WARN_BOOL_CONVERSION = YES;
				CLANG_WARN_CONSTANT_CONVERSION = YES;
				CLANG_WARN_DIRECT_OBJC_ISA_USAGE = YES_ERROR;
				CLANG_WARN_EMPTY_BODY = YES;
				CLANG_WARN_ENUM_CONVERSION = YES;
				CLANG_WARN_INT_CONVERSION = YES;
				CLANG_WARN_OBJC_ROOT_CLASS = YES_ERROR;
				CLANG_WARN__DUPLICATE_METHOD_MATCH = YES;
				"CODE_SIGN_IDENTITY[sdk=iphoneos*]" = "iPhone Developer";
				COPY_PHASE_STRIP = NO;
				GCC_C_LANGUAGE_STANDARD = gnu99;
				GCC_DYNAMIC_NO_PIC = NO;
				GCC_OPTIMIZATION_LEVEL = 0;
				GCC_PREPROCESSOR_DEFINITIONS = (
					"DEBUG=1",
					"$(inherited)",
				);
				GCC_SYMBOLS_PRIVATE_EXTERN = NO;
				GCC_WARN_64_TO_32_BIT_CONVERSION = YES;
				GCC_WARN_ABOUT_RETURN_TYPE = YES_ERROR;
				GCC_WARN_UNDECLARED_SELECTOR = YES;
				GCC_WARN_UNINITIALIZED_AUTOS = YES;
				GCC_WARN_UNUSED_FUNCTION = YES;
				GCC_WARN_UNUSED_VARIABLE = YES;
				IPHONEOS_DEPLOYMENT_TARGET = 7.0;
				ONLY_ACTIVE_ARCH = YES;
				SDKROOT = iphoneos;
			};
			name = Debug;
		};
		A8D41A0918ABE4EE00CC03DF /* Release */ = {
			isa = XCBuildConfiguration;
			buildSettings = {
				ALWAYS_SEARCH_USER_PATHS = NO;
				ARCHS = "$(ARCHS_STANDARD_INCLUDING_64_BIT)";
				CLANG_CXX_LANGUAGE_STANDARD = "gnu++0x";
				CLANG_CXX_LIBRARY = "libc++";
				CLANG_ENABLE_MODULES = YES;
				CLANG_ENABLE_OBJC_ARC = YES;
				CLANG_WARN_BOOL_CONVERSION = YES;
				CLANG_WARN_CONSTANT_CONVERSION = YES;
				CLANG_WARN_DIRECT_OBJC_ISA_USAGE = YES_ERROR;
				CLANG_WARN_EMPTY_BODY = YES;
				CLANG_WARN_ENUM_CONVERSION = YES;
				CLANG_WARN_INT_CONVERSION = YES;
				CLANG_WARN_OBJC_ROOT_CLASS = YES_ERROR;
				CLANG_WARN__DUPLICATE_METHOD_MATCH = YES;
				"CODE_SIGN_IDENTITY[sdk=iphoneos*]" = "iPhone Developer";
				COPY_PHASE_STRIP = YES;
				ENABLE_NS_ASSERTIONS = NO;
				GCC_C_LANGUAGE_STANDARD = gnu99;
				GCC_WARN_64_TO_32_BIT_CONVERSION = YES;
				GCC_WARN_ABOUT_RETURN_TYPE = YES_ERROR;
				GCC_WARN_UNDECLARED_SELECTOR = YES;
				GCC_WARN_UNINITIALIZED_AUTOS = YES;
				GCC_WARN_UNUSED_FUNCTION = YES;
				GCC_WARN_UNUSED_VARIABLE = YES;
				IPHONEOS_DEPLOYMENT_TARGET = 7.0;
				SDKROOT = iphoneos;
				VALIDATE_PRODUCT = YES;
			};
			name = Release;
		};
		A8D41A0B18ABE4EE00CC03DF /* Debug */ = {
			isa = XCBuildConfiguration;
			buildSettings = {
				ASSETCATALOG_COMPILER_APPICON_NAME = AppIcon;
				ASSETCATALOG_COMPILER_LAUNCHIMAGE_NAME = LaunchImage;
				GCC_PRECOMPILE_PREFIX_HEADER = YES;
				GCC_PREFIX_HEADER = "DSMultilineLabelNode/DSMultilineLabelNode-Prefix.pch";
				INFOPLIST_FILE = "DSMultilineLabelNode/DSMultilineLabelNode-Info.plist";
				IPHONEOS_DEPLOYMENT_TARGET = 7.0;
				PRODUCT_NAME = "$(TARGET_NAME)";
				TARGETED_DEVICE_FAMILY = "1,2";
				WRAPPER_EXTENSION = app;
			};
			name = Debug;
		};
		A8D41A0C18ABE4EE00CC03DF /* Release */ = {
			isa = XCBuildConfiguration;
			buildSettings = {
				ASSETCATALOG_COMPILER_APPICON_NAME = AppIcon;
				ASSETCATALOG_COMPILER_LAUNCHIMAGE_NAME = LaunchImage;
				GCC_PRECOMPILE_PREFIX_HEADER = YES;
				GCC_PREFIX_HEADER = "DSMultilineLabelNode/DSMultilineLabelNode-Prefix.pch";
				INFOPLIST_FILE = "DSMultilineLabelNode/DSMultilineLabelNode-Info.plist";
				IPHONEOS_DEPLOYMENT_TARGET = 7.0;
				PRODUCT_NAME = "$(TARGET_NAME)";
				TARGETED_DEVICE_FAMILY = "1,2";
				WRAPPER_EXTENSION = app;
			};
			name = Release;
		};
/* End XCBuildConfiguration section */

/* Begin XCConfigurationList section */
		33B2C2A118CE93DB0006AC87 /* Build configuration list for PBXNativeTarget "MultiLineLabelNodeMac" */ = {
			isa = XCConfigurationList;
			buildConfigurations = (
				33B2C2A218CE93DB0006AC87 /* Debug */,
				33B2C2A318CE93DB0006AC87 /* Release */,
			);
			defaultConfigurationIsVisible = 0;
		};
		A8D419D318ABE4ED00CC03DF /* Build configuration list for PBXProject "DSMultilineLabelNode" */ = {
			isa = XCConfigurationList;
			buildConfigurations = (
				A8D41A0818ABE4EE00CC03DF /* Debug */,
				A8D41A0918ABE4EE00CC03DF /* Release */,
			);
			defaultConfigurationIsVisible = 0;
			defaultConfigurationName = Release;
		};
		A8D41A0A18ABE4EE00CC03DF /* Build configuration list for PBXNativeTarget "DSMultilineLabelNode" */ = {
			isa = XCConfigurationList;
			buildConfigurations = (
				A8D41A0B18ABE4EE00CC03DF /* Debug */,
				A8D41A0C18ABE4EE00CC03DF /* Release */,
			);
			defaultConfigurationIsVisible = 0;
			defaultConfigurationName = Release;
		};
/* End XCConfigurationList section */
	};
	rootObject = A8D419D018ABE4ED00CC03DF /* Project object */;
}
